
Microsoft Visual Studio Solution File, Format Version 12.00
# Visual Studio 2012
Project("{FAE04EC0-301F-11D3-BF4B-00C04F79EFBC}") = "Tests", "Tests\Tests.csproj", "{02162691-0E6F-43B1-890E-1FE62C9C61D0}"
EndProject
Project("{FAE04EC0-301F-11D3-BF4B-00C04F79EFBC}") = "DemoAppLibrary", "DemoAppLibrary\DemoAppLibrary.csproj", "{6769BF14-9898-4FFB-A15F-05DDEC1A82AD}"
EndProject
Project("{FAE04EC0-301F-11D3-BF4B-00C04F79EFBC}") = "DemoApp", "DemoApp\DemoApp.csproj", "{18BBE63B-E512-4978-989B-B15CD0FED044}"
EndProject
Global
	GlobalSection(SolutionConfigurationPlatforms) = preSolution
		Debug|Any CPU = Debug|Any CPU
		Release|Any CPU = Release|Any CPU
	EndGlobalSection
	GlobalSection(ProjectConfigurationPlatforms) = postSolution
		{02162691-0E6F-43B1-890E-1FE62C9C61D0}.Debug|Any CPU.ActiveCfg = Debug|Any CPU
		{02162691-0E6F-43B1-890E-1FE62C9C61D0}.Debug|Any CPU.Build.0 = Debug|Any CPU
		{02162691-0E6F-43B1-890E-1FE62C9C61D0}.Debug|Any CPU.Deploy.0 = Debug|Any CPU
		{02162691-0E6F-43B1-890E-1FE62C9C61D0}.Release|Any CPU.ActiveCfg = Release|Any CPU
		{02162691-0E6F-43B1-890E-1FE62C9C61D0}.Release|Any CPU.Build.0 = Release|Any CPU
		{02162691-0E6F-43B1-890E-1FE62C9C61D0}.Release|Any CPU.Deploy.0 = Release|Any CPU
		{6769BF14-9898-4FFB-A15F-05DDEC1A82AD}.Debug|Any CPU.ActiveCfg = Debug|Any CPU
		{6769BF14-9898-4FFB-A15F-05DDEC1A82AD}.Debug|Any CPU.Build.0 = Debug|Any CPU
		{6769BF14-9898-4FFB-A15F-05DDEC1A82AD}.Release|Any CPU.ActiveCfg = Release|Any CPU
		{6769BF14-9898-4FFB-A15F-05DDEC1A82AD}.Release|Any CPU.Build.0 = Release|Any CPU
		{18BBE63B-E512-4978-989B-B15CD0FED044}.Debug|Any CPU.ActiveCfg = Debug|Any CPU
		{18BBE63B-E512-4978-989B-B15CD0FED044}.Debug|Any CPU.Build.0 = Debug|Any CPU
		{18BBE63B-E512-4978-989B-B15CD0FED044}.Debug|Any CPU.Deploy.0 = Debug|Any CPU
		{18BBE63B-E512-4978-989B-B15CD0FED044}.Release|Any CPU.ActiveCfg = Release|Any CPU
		{18BBE63B-E512-4978-989B-B15CD0FED044}.Release|Any CPU.Build.0 = Release|Any CPU
		{18BBE63B-E512-4978-989B-B15CD0FED044}.Release|Any CPU.Deploy.0 = Release|Any CPU
	EndGlobalSection
	GlobalSection(SolutionProperties) = preSolution
		HideSolutionNode = FALSE
	EndGlobalSection
EndGlobal
