
Microsoft Visual Studio Solution File, Format Version 12.00
# Visual Studio 2012
Project("{FAE04EC0-301F-11D3-BF4B-00C04F79EFBC}") = "GarbageCollectionDemo", "GarbageCollectionDemo.csproj", "{B026BD6D-DB59-4F39-BFB6-7EEF9C78F1CF}"
EndProject
Global
	GlobalSection(SolutionConfigurationPlatforms) = preSolution
		Debug|Any CPU = Debug|Any CPU
		Release|Any CPU = Release|Any CPU
	EndGlobalSection
	GlobalSection(ProjectConfigurationPlatforms) = postSolution
		{B026BD6D-DB59-4F39-BFB6-7EEF9C78F1CF}.Debug|Any CPU.ActiveCfg = Debug|Any CPU
		{B026BD6D-DB59-4F39-BFB6-7EEF9C78F1CF}.Debug|Any CPU.Build.0 = Debug|Any CPU
		{B026BD6D-DB59-4F39-BFB6-7EEF9C78F1CF}.Debug|Any CPU.Deploy.0 = Debug|Any CPU
		{B026BD6D-DB59-4F39-BFB6-7EEF9C78F1CF}.Release|Any CPU.ActiveCfg = Release|Any CPU
		{B026BD6D-DB59-4F39-BFB6-7EEF9C78F1CF}.Release|Any CPU.Build.0 = Release|Any CPU
		{B026BD6D-DB59-4F39-BFB6-7EEF9C78F1CF}.Release|Any CPU.Deploy.0 = Release|Any CPU
	EndGlobalSection
	GlobalSection(SolutionProperties) = preSolution
		HideSolutionNode = FALSE
	EndGlobalSection
EndGlobal
